
Microsoft Visual Studio Solution File, Format Version 12.00
# Visual Studio 15
VisualStudioVersion = 15.0.28307.271
MinimumVisualStudioVersion = 10.0.40219.1
Project("{FAE04EC0-301F-11D3-BF4B-00C04F79EFBC}") = "Project1.1", "Project1.1\Project1.1.csproj", "{440A9C56-34B8-41AE-A81A-8545DE053E25}"
EndProject
Global
	GlobalSection(SolutionConfigurationPlatforms) = preSolution
		Debug|Any CPU = Debug|Any CPU
		Release|Any CPU = Release|Any CPU
	EndGlobalSection
	GlobalSection(ProjectConfigurationPlatforms) = postSolution
		{440A9C56-34B8-41AE-A81A-8545DE053E25}.Debug|Any CPU.ActiveCfg = Debug|Any CPU
		{440A9C56-34B8-41AE-A81A-8545DE053E25}.Debug|Any CPU.Build.0 = Debug|Any CPU
		{440A9C56-34B8-41AE-A81A-8545DE053E25}.Release|Any CPU.ActiveCfg = Release|Any CPU
		{440A9C56-34B8-41AE-A81A-8545DE053E25}.Release|Any CPU.Build.0 = Release|Any CPU
	EndGlobalSection
	GlobalSection(SolutionProperties) = preSolution
		HideSolutionNode = FALSE
	EndGlobalSection
	GlobalSection(ExtensibilityGlobals) = postSolution
		SolutionGuid = {B6374F52-5382-4CF7-BD01-73868905E902}
	EndGlobalSection
EndGlobal
